{
  "version": 4,
  "terraform_version": "1.7.1",
  "serial": 14,
  "lineage": "cbbad5b7-217b-61d4-0a2e-ac45cf9e4526",
  "outputs": {},
  "resources": [
    {
      "mode": "data",
      "type": "aws_ecr_authorization_token",
      "name": "EcrToken",
      "provider": "provider[\"registry.terraform.io/hashicorp/aws\"]",
      "instances": [
        {
          "schema_version": 0,
          "attributes": {
            "authorization_token": "QVdTOmV5SndZWGxzYjJGa0lqb2lVMW93ZDJaSVFURlNWWGhPWVhSVVVtTndWMkZZYTIxamMzbzRMMjlWZFVkRFJGVTRMMnQ1V1RSRGJITlFNVnBxU0ZaUFRtcHJiVGc1VjBkYUszUlpWalJoWkVoR1QyaEZTVmQ0Ym1aaWJYUkViakpqTVdndk9XZ3lOVFZ1VGxwNFUwUm1VRGhJTkhGWU1FNXhRbXgwY1hKc1lVMVpZblp1WkhJNFEwNXFSMmxOVERFNVYyaDRaMFJ3VWxORFZsUTJVRzlIWm5WSmNsQndjV0pXT1ZKdmJUTjVMemxLWmpOa2VIUTNXVTkxYXpCeFJFOUxTRTgyVkhZeldVTjZXRkJRYkhaSVdVdEZkMlZUV25oWFRIbFVTMUUzTWxGVVUyMXNRa2wxUVZOb1Uya3dUaXQ1TVZadU1WQnRNbTVGVkhOV1NXWXZjMnhZWmt3MEwxQndUblZzVVZOa1IxbFVUMVpwV1VacGVUUXJjMlp0Vm5reWIyTXJWU3RwUzJSR2FXWnljMHcxUmxaa1MwWkJiRkJrU0hwMVNVMUxRazl1Um0xQlRXWnVOakYxTkRGRVNXNHpSMGxKS3pNd1FucHhVMm92ZURSbFdIVXhhSFpuZUZnd1RESlRSak14Tnk5MmQyMHdhalF5TjA4eGRsSmhjMGhMYWxOb1ZEaFZaazVUVDJsblZFbFVZM05vYkVzMFUwYzJOVU5HTmtJck1tMVhaRzVITjBZeFUyWTRjVEZrVGtjeWNtRkJNVTB5TW5kbWNtOVNiMDFTU1RZMlQzZDRSMVE0YVRNdlNEVmpOVk5tZUROM2FqTndSMk5ITWpobFNURnZVSE00ZUdGM1pFSllaMk5YUTI5c1JVTkJhWE5RU0VwQmJEYzRia2RKVUVocVlqTlNXVGg0UWxGWU5TOTFUVXczZGk5MmIwaEJkSFpHVWxoNVJsQlRUblJpYW1aNFRVaENhMmhaWVdwUVVFVlJNa0UwWjFkSFVFaHRZMk5LTW5WMFYwNXhlbFJQYzBKUlVuVnNMMVI1UkdsVFVUZHFkbnB0V2xZMlJqZElZbUY2VFdKdWFITnlZazVOY3pkSFZtRmhhR0pHTDJORmRqUm5jM0ZTVDNsUGJUWlROR1ZtZVRaTVRYbERTbXN5VVdjclNuSTBiVGRyUTNwQlZsTlJiRXBZVERseFFVWlRaWEFyT0VOeVRIRXJNQzh3ZEVWR1IyWjZZbm9yU1RWS2MyTldha0l6TkVNNGNGSlJVVmhRWld0TlZsaG9XQzlyVkRKR1VUVldVRmRZYUZRNFYzVjJZa2RGWVRORFYwTkxRVGN3VXpKR2JrdFZSMlJJZVhGWE1qRllVM1JpVFRKU1IySnVSaTl5ZURaVmNtTkdiV0ZpT0d3MFJuQmxPSGxuY25sM0syTlNRM1Z5YUZaaFlUWk1WVlJpVW5wbmNXZG5URlp3YWl0VVpHOUVVVlZIVmxSSVMwZDFkRkJzT0c1VmRsZFhZWHBuYW5vNVRsZEdZMnBVZVdsSGFXaGtOekpsVjJWT1VXSjRVMGxHVjA1U2RITkpaemMzVFc1VGRYRlBPRzR3UnpSRVIwbHBURmxQV2sxT1NrZDNlR3RvWkRscFIxWjVOVTlPZW1SU2ExQkhlRGMwY2xoUFFVNWFZa1ZGU3pkc1Frc3hTVFV6VVhkUGNpOW5RemwzZDJWV1EyVllWaTlHYm5CeEx6SklPREZhTUdoYVduVnVSekpPVDI5cFJrdFNXRTFEWTFKYVRIVnhNWFJRVTJ4UVIwNHlUa2RXTkdzeVdGRXZSRmxyVTNFM0wySkJZVUpVVkVNNVNuZzJka3BLVW1GWVVrRjBaVE5TWXpkbGRqQnFhRE54ZG5KU2FIRnpjSEJwSzJGUWFXVTJiWE42V2xSS1ZqRnNLMEp2TTBsSUwzSm9NR3MwT1RscmRtRTNhemhIWkdOSWJ5OU5ZVk5WT0RWc1RIZFNSakp0YUhod00ycGpSMk5uZVVOTVVESnZielJrY21aTGNDSXNJbVJoZEdGclpYa2lPaUpCVVVWQ1FVaG9NM3BaVDJSMGNFSkNVMVozTDFreVlXNDRRbGhKUkRScmQweFJabTV2VkdvMWVuZGFkRWRLV205YVVVRkJRVWcwZDJaQldVcExiMXBKYUhaalRrRlJZMGR2UnpoM1lsRkpRa0ZFUW05Q1oydHhhR3RwUnpsM01FSkNkMFYzU0dkWlNsbEpXa2xCVjFWRVFrRkZkVTFDUlVWRVQzVmthaTl4UWtwTU5sY3pPVEJ5WlhkSlFrVkpRVGR3ZUc5R1lucFBSVTFHZEdoc1MxZExTWEJ6U1hwamRrODNkbmhUVmpKcEsxUlRXRTE2VmxORVZuQjNZV2xFTTBWQ01qQXZiek5aT0dKTkx6UlRhazFyWkVsbFlVOVVlVEl6TUZkV1QyazRQU0lzSW5abGNuTnBiMjRpT2lJeUlpd2lkSGx3WlNJNklrUkJWRUZmUzBWWklpd2laWGh3YVhKaGRHbHZiaUk2TVRjeE1Ea3lPVEUxTjMwPQ==",
            "expires_at": "2024-03-20T10:05:57Z",
            "id": "eu-central-1",
            "password": "eyJwYXlsb2FkIjoiU1owd2ZIQTFSVXhOYXRUUmNwV2FYa21jc3o4L29VdUdDRFU4L2t5WTRDbHNQMVpqSFZPTmprbTg5V0daK3RZVjRhZEhGT2hFSVd4bmZibXREbjJjMWgvOWgyNTVuTlp4U0RmUDhINHFYME5xQmx0cXJsYU1ZYnZuZHI4Q05qR2lNTDE5V2h4Z0RwUlNDVlQ2UG9HZnVJclBwcWJWOVJvbTN5LzlKZjNkeHQ3WU91azBxRE9LSE82VHYzWUN6WFBQbHZIWUtFd2VTWnhXTHlUS1E3MlFUU21sQkl1QVNoU2kwTit5MVZuMVBtMm5FVHNWSWYvc2xYZkw0L1BwTnVsUVNkR1lUT1ZpWUZpeTQrc2ZtVnkyb2MrVStpS2RGaWZyc0w1RlZkS0ZBbFBkSHp1SU1LQk9uRm1BTWZuNjF1NDFESW4zR0lJKzMwQnpxU2oveDRlWHUxaHZneFgwTDJTRjMxNy92d20wajQyN08xdlJhc0hLalNoVDhVZk5TT2lnVElUY3NobEs0U0c2NUNGNkIrMm1XZG5HN0YxU2Y4cTFkTkcycmFBMU0yMndmcm9Sb01SSTY2T3d4R1Q4aTMvSDVjNVNmeDN3ajNwR2NHMjhlSTFvUHM4eGF3ZEJYZ2NXQ29sRUNBaXNQSEpBbDc4bkdJUEhqYjNSWTh4QlFYNS91TUw3di92b0hBdHZGUlh5RlBTTnRiamZ4TUhCa2hZYWpQUEVRMkE0Z1dHUEhtY2NKMnV0V05xelRPc0JRUnVsL1R5RGlTUTdqdnptWlY2RjdIYmF6TWJuaHNyYk5NczdHVmFhaGJGL2NFdjRnc3FST3lPbTZTNGVmeTZMTXlDSmsyUWcrSnI0bTdrQ3pBVlNRbEpYTDlxQUZTZXArOENyTHErMC8wdEVGR2Z6YnorSTVKc2NWakIzNEM4cFJRUVhQZWtNVlhoWC9rVDJGUTVWUFdYaFQ4V3V2YkdFYTNDV0NLQTcwUzJGbktVR2RIeXFXMjFYU3RiTTJSR2JuRi9yeDZVcmNGbWFiOGw0RnBlOHlncnl3K2NSQ3VyaFZhYTZMVVRiUnpncWdnTFZwaitUZG9EUVVHVlRIS0d1dFBsOG5VdldXYXpnano5TldGY2pUeWlHaWhkNzJlV2VOUWJ4U0lGV05SdHNJZzc3TW5TdXFPOG4wRzRER0lpTFlPWk1OSkd3eGtoZDlpR1Z5NU9OemRSa1BHeDc0clhPQU5aYkVFSzdsQksxSTUzUXdPci9nQzl3d2VWQ2VYVi9GbnBxLzJIODFaMGhaWnVuRzJOT29pRktSWE1DY1JaTHVxMXRQU2xQR04yTkdWNGsyWFEvRFlrU3E3L2JBYUJUVEM5Sng2dkpKUmFYUkF0ZTNSYzdldjBqaDNxdnJSaHFzcHBpK2FQaWU2bXN6WlRKVjFsK0JvM0lIL3JoMGs0OTlrdmE3azhHZGNIby9NYVNVODVsTHdSRjJtaHhwM2pjR2NneUNMUDJvbzRkcmZLcCIsImRhdGFrZXkiOiJBUUVCQUhoM3pZT2R0cEJCU1Z3L1kyYW44QlhJRDRrd0xRZm5vVGo1endadEdKWm9aUUFBQUg0d2ZBWUpLb1pJaHZjTkFRY0dvRzh3YlFJQkFEQm9CZ2txaGtpRzl3MEJCd0V3SGdZSllJWklBV1VEQkFFdU1CRUVET3Vkai9xQkpMNlczOTByZXdJQkVJQTdweG9GYnpPRU1GdGhsS1dLSXBzSXpjdk83dnhTVjJpK1RTWE16VlNEVnB3YWlEM0VCMjAvbzNZOGJNLzRTak1rZEllYU9UeTIzMFdWT2k4PSIsInZlcnNpb24iOiIyIiwidHlwZSI6IkRBVEFfS0VZIiwiZXhwaXJhdGlvbiI6MTcxMDkyOTE1N30=",
            "proxy_endpoint": "https://711348555690.dkr.ecr.eu-central-1.amazonaws.com",
            "registry_id": null,
            "user_name": "AWS"
          },
          "sensitive_attributes": []
        }
      ]
    },
    {
      "mode": "managed",
      "type": "aws_ecr_repository",
      "name": "BackRepo",
      "provider": "provider[\"registry.terraform.io/hashicorp/aws\"]",
      "instances": [
        {
          "schema_version": 0,
          "attributes": {
            "arn": "arn:aws:ecr:eu-central-1:711348555690:repository/back-repo",
            "encryption_configuration": [
              {
                "encryption_type": "AES256",
                "kms_key": ""
              }
            ],
            "force_delete": null,
            "id": "back-repo",
            "image_scanning_configuration": [
              {
                "scan_on_push": false
              }
            ],
            "image_tag_mutability": "MUTABLE",
            "name": "back-repo",
            "registry_id": "711348555690",
            "repository_url": "711348555690.dkr.ecr.eu-central-1.amazonaws.com/back-repo",
            "tags": null,
            "tags_all": {},
            "timeouts": null
          },
          "sensitive_attributes": [],
          "private": "eyJlMmJmYjczMC1lY2FhLTExZTYtOGY4OC0zNDM2M2JjN2M0YzAiOnsiZGVsZXRlIjoxMjAwMDAwMDAwMDAwfX0="
        }
      ]
    },
    {
      "mode": "managed",
      "type": "aws_ecr_repository",
      "name": "FrontRepo",
      "provider": "provider[\"registry.terraform.io/hashicorp/aws\"]",
      "instances": [
        {
          "schema_version": 0,
          "attributes": {
            "arn": "arn:aws:ecr:eu-central-1:711348555690:repository/front-repo",
            "encryption_configuration": [
              {
                "encryption_type": "AES256",
                "kms_key": ""
              }
            ],
            "force_delete": null,
            "id": "front-repo",
            "image_scanning_configuration": [
              {
                "scan_on_push": false
              }
            ],
            "image_tag_mutability": "MUTABLE",
            "name": "front-repo",
            "registry_id": "711348555690",
            "repository_url": "711348555690.dkr.ecr.eu-central-1.amazonaws.com/front-repo",
            "tags": null,
            "tags_all": {},
            "timeouts": null
          },
          "sensitive_attributes": [],
          "private": "eyJlMmJmYjczMC1lY2FhLTExZTYtOGY4OC0zNDM2M2JjN2M0YzAiOnsiZGVsZXRlIjoxMjAwMDAwMDAwMDAwfX0="
        }
      ]
    },
    {
      "mode": "managed",
      "type": "aws_iam_role",
      "name": "LambdaRole",
      "provider": "provider[\"registry.terraform.io/hashicorp/aws\"]",
      "instances": [
        {
          "schema_version": 0,
          "attributes": {
            "arn": "arn:aws:iam::711348555690:role/lambda-role",
            "assume_role_policy": "{\"Statement\":[{\"Action\":\"sts:AssumeRole\",\"Effect\":\"Allow\",\"Principal\":{\"Service\":\"lambda.amazonaws.com\"}}],\"Version\":\"2012-10-17\"}",
            "create_date": "2024-03-19T22:05:59Z",
            "description": "",
            "force_detach_policies": false,
            "id": "lambda-role",
            "inline_policy": [],
            "managed_policy_arns": [],
            "max_session_duration": 3600,
            "name": "lambda-role",
            "name_prefix": "",
            "path": "/",
            "permissions_boundary": "",
            "tags": null,
            "tags_all": {},
            "unique_id": "AROA2LH5NR6VH6NJ76ED2"
          },
          "sensitive_attributes": [],
          "private": "bnVsbA=="
        }
      ]
    },
    {
      "mode": "managed",
      "type": "aws_iam_role_policy_attachment",
      "name": "LambdaRolePolicyAttachment",
      "provider": "provider[\"registry.terraform.io/hashicorp/aws\"]",
      "instances": [
        {
          "schema_version": 0,
          "attributes": {
            "id": "lambda-role-20240319220559943000000001",
            "policy_arn": "arn:aws:iam::aws:policy/service-role/AWSLambdaBasicExecutionRole",
            "role": "lambda-role"
          },
          "sensitive_attributes": [],
          "private": "bnVsbA==",
          "dependencies": [
            "aws_iam_role.LambdaRole"
          ]
        }
      ]
    },
    {
      "mode": "managed",
      "type": "aws_lambda_function",
      "name": "BackLambda",
      "provider": "provider[\"registry.terraform.io/hashicorp/aws\"]",
      "instances": [
        {
          "schema_version": 0,
          "attributes": {
            "architectures": [
              "arm64"
            ],
            "arn": "arn:aws:lambda:eu-central-1:711348555690:function:back-lambda",
            "code_signing_config_arn": "",
            "dead_letter_config": [],
            "description": "",
            "environment": [
              {
                "variables": {
                  "HOME": "/tmp",
                  "REDIS_SERVER": "redis://default:fa66f8117679404faf183bfe2c61e868@eu2-climbing-viper-30246.upstash.io:30246"
                }
              }
            ],
            "ephemeral_storage": [
              {
                "size": 512
              }
            ],
            "file_system_config": [],
            "filename": null,
            "function_name": "back-lambda",
            "handler": "",
            "id": "back-lambda",
            "image_config": [],
            "image_uri": "711348555690.dkr.ecr.eu-central-1.amazonaws.com/back-repo@sha256:02d36ab33ef6a9fe4ac074a9e32c79599ca45e0e049b2a109f34c93a85ba61d5",
            "invoke_arn": "arn:aws:apigateway:eu-central-1:lambda:path/2015-03-31/functions/arn:aws:lambda:eu-central-1:711348555690:function:back-lambda/invocations",
            "kms_key_arn": "",
            "last_modified": "2024-03-19T22:07:43.393+0000",
            "layers": null,
            "logging_config": [
              {
                "application_log_level": "INFO",
                "log_format": "JSON",
                "log_group": "/aws/lambda/back-lambda",
                "system_log_level": "INFO"
              }
            ],
            "memory_size": 1769,
            "package_type": "Image",
            "publish": false,
            "qualified_arn": "arn:aws:lambda:eu-central-1:711348555690:function:back-lambda:$LATEST",
            "qualified_invoke_arn": "arn:aws:apigateway:eu-central-1:lambda:path/2015-03-31/functions/arn:aws:lambda:eu-central-1:711348555690:function:back-lambda:$LATEST/invocations",
            "replace_security_groups_on_destroy": null,
            "replacement_security_group_ids": null,
            "reserved_concurrent_executions": -1,
            "role": "arn:aws:iam::711348555690:role/lambda-role",
            "runtime": "",
            "s3_bucket": null,
            "s3_key": null,
            "s3_object_version": null,
            "signing_job_arn": "",
            "signing_profile_version_arn": "",
            "skip_destroy": false,
            "snap_start": [],
            "source_code_hash": "02d36ab33ef6a9fe4ac074a9e32c79599ca45e0e049b2a109f34c93a85ba61d5",
            "source_code_size": 0,
            "tags": null,
            "tags_all": {},
            "timeout": 5,
            "timeouts": null,
            "tracing_config": [
              {
                "mode": "PassThrough"
              }
            ],
            "version": "$LATEST",
            "vpc_config": []
          },
          "sensitive_attributes": [
            [
              {
                "type": "get_attr",
                "value": "environment"
              },
              {
                "type": "index",
                "value": {
                  "value": 0,
                  "type": "number"
                }
              },
              {
                "type": "get_attr",
                "value": "variables"
              },
              {
                "type": "index",
                "value": {
                  "value": "REDIS_SERVER",
                  "type": "string"
                }
              }
            ]
          ],
          "private": "eyJlMmJmYjczMC1lY2FhLTExZTYtOGY4OC0zNDM2M2JjN2M0YzAiOnsiY3JlYXRlIjo2MDAwMDAwMDAwMDAsImRlbGV0ZSI6NjAwMDAwMDAwMDAwLCJ1cGRhdGUiOjYwMDAwMDAwMDAwMH19",
          "dependencies": [
            "aws_ecr_repository.BackRepo",
            "aws_iam_role.LambdaRole",
            "data.aws_ecr_authorization_token.EcrToken",
            "docker_image.BackImage",
            "docker_registry_image.BackEcrImage",
            "upstash_redis_database.RedisDatabase"
          ]
        }
      ]
    },
    {
      "mode": "managed",
      "type": "aws_lambda_function",
      "name": "FrontLambda",
      "provider": "provider[\"registry.terraform.io/hashicorp/aws\"]",
      "instances": [
        {
          "schema_version": 0,
          "attributes": {
            "architectures": [
              "arm64"
            ],
            "arn": "arn:aws:lambda:eu-central-1:711348555690:function:front-lambda",
            "code_signing_config_arn": "",
            "dead_letter_config": [],
            "description": "",
            "environment": [
              {
                "variables": {
                  "BACKEND_API_URL": "https://pdoodg3wkyon5vklmglapomese0kpfow.lambda-url.eu-central-1.on.aws/",
                  "CLIENT_API_URL": "https://pdoodg3wkyon5vklmglapomese0kpfow.lambda-url.eu-central-1.on.aws/",
                  "HOME": "/tmp"
                }
              }
            ],
            "ephemeral_storage": [
              {
                "size": 512
              }
            ],
            "file_system_config": [],
            "filename": null,
            "function_name": "front-lambda",
            "handler": "",
            "id": "front-lambda",
            "image_config": [],
            "image_uri": "711348555690.dkr.ecr.eu-central-1.amazonaws.com/front-repo@sha256:87787d36dac0f2bc970a78664edbae0d072fe3201a74e9e14f16c9b26398a035",
            "invoke_arn": "arn:aws:apigateway:eu-central-1:lambda:path/2015-03-31/functions/arn:aws:lambda:eu-central-1:711348555690:function:front-lambda/invocations",
            "kms_key_arn": "",
            "last_modified": "2024-03-19T22:08:34.719+0000",
            "layers": null,
            "logging_config": [
              {
                "application_log_level": "INFO",
                "log_format": "JSON",
                "log_group": "/aws/lambda/front-lambda",
                "system_log_level": "INFO"
              }
            ],
            "memory_size": 1769,
            "package_type": "Image",
            "publish": false,
            "qualified_arn": "arn:aws:lambda:eu-central-1:711348555690:function:front-lambda:$LATEST",
            "qualified_invoke_arn": "arn:aws:apigateway:eu-central-1:lambda:path/2015-03-31/functions/arn:aws:lambda:eu-central-1:711348555690:function:front-lambda:$LATEST/invocations",
            "replace_security_groups_on_destroy": null,
            "replacement_security_group_ids": null,
            "reserved_concurrent_executions": -1,
            "role": "arn:aws:iam::711348555690:role/lambda-role",
            "runtime": "",
            "s3_bucket": null,
            "s3_key": null,
            "s3_object_version": null,
            "signing_job_arn": "",
            "signing_profile_version_arn": "",
            "skip_destroy": false,
            "snap_start": [],
            "source_code_hash": "87787d36dac0f2bc970a78664edbae0d072fe3201a74e9e14f16c9b26398a035",
            "source_code_size": 0,
            "tags": null,
            "tags_all": {},
            "timeout": 5,
            "timeouts": null,
            "tracing_config": [
              {
                "mode": "PassThrough"
              }
            ],
            "version": "$LATEST",
            "vpc_config": []
          },
          "sensitive_attributes": [],
          "private": "eyJlMmJmYjczMC1lY2FhLTExZTYtOGY4OC0zNDM2M2JjN2M0YzAiOnsiY3JlYXRlIjo2MDAwMDAwMDAwMDAsImRlbGV0ZSI6NjAwMDAwMDAwMDAwLCJ1cGRhdGUiOjYwMDAwMDAwMDAwMH19",
          "dependencies": [
            "aws_ecr_repository.BackRepo",
            "aws_ecr_repository.FrontRepo",
            "aws_iam_role.LambdaRole",
            "aws_lambda_function.BackLambda",
            "aws_lambda_function_url.BackLambdaUrl",
            "data.aws_ecr_authorization_token.EcrToken",
            "docker_image.BackImage",
            "docker_image.FrontImage",
            "docker_registry_image.BackEcrImage",
            "docker_registry_image.FrontEcrImage",
            "upstash_redis_database.RedisDatabase"
          ]
        }
      ]
    },
    {
      "mode": "managed",
      "type": "aws_lambda_function_url",
      "name": "BackLambdaUrl",
      "provider": "provider[\"registry.terraform.io/hashicorp/aws\"]",
      "instances": [
        {
          "schema_version": 0,
          "attributes": {
            "authorization_type": "NONE",
            "cors": [],
            "function_arn": "arn:aws:lambda:eu-central-1:711348555690:function:back-lambda",
            "function_name": "back-lambda",
            "function_url": "https://pdoodg3wkyon5vklmglapomese0kpfow.lambda-url.eu-central-1.on.aws/",
            "id": "back-lambda",
            "invoke_mode": "BUFFERED",
            "qualifier": "",
            "timeouts": null,
            "url_id": "pdoodg3wkyon5vklmglapomese0kpfow"
          },
          "sensitive_attributes": [],
          "private": "eyJlMmJmYjczMC1lY2FhLTExZTYtOGY4OC0zNDM2M2JjN2M0YzAiOnsiY3JlYXRlIjo2MDAwMDAwMDAwMDB9fQ==",
          "dependencies": [
            "aws_ecr_repository.BackRepo",
            "aws_iam_role.LambdaRole",
            "aws_lambda_function.BackLambda",
            "data.aws_ecr_authorization_token.EcrToken",
            "docker_image.BackImage",
            "docker_registry_image.BackEcrImage",
            "upstash_redis_database.RedisDatabase"
          ]
        }
      ]
    },
    {
      "mode": "managed",
      "type": "aws_lambda_function_url",
      "name": "FrontLambdaUrl",
      "provider": "provider[\"registry.terraform.io/hashicorp/aws\"]",
      "instances": [
        {
          "schema_version": 0,
          "attributes": {
            "authorization_type": "NONE",
            "cors": [],
            "function_arn": "arn:aws:lambda:eu-central-1:711348555690:function:front-lambda",
            "function_name": "front-lambda",
            "function_url": "https://dsyvbl6hlo3swtv2734mi3zomy0lqsst.lambda-url.eu-central-1.on.aws/",
            "id": "front-lambda",
            "invoke_mode": "BUFFERED",
            "qualifier": "",
            "timeouts": null,
            "url_id": "dsyvbl6hlo3swtv2734mi3zomy0lqsst"
          },
          "sensitive_attributes": [],
          "private": "eyJlMmJmYjczMC1lY2FhLTExZTYtOGY4OC0zNDM2M2JjN2M0YzAiOnsiY3JlYXRlIjo2MDAwMDAwMDAwMDB9fQ==",
          "dependencies": [
            "aws_ecr_repository.BackRepo",
            "aws_ecr_repository.FrontRepo",
            "aws_iam_role.LambdaRole",
            "aws_lambda_function.BackLambda",
            "aws_lambda_function.FrontLambda",
            "aws_lambda_function_url.BackLambdaUrl",
            "data.aws_ecr_authorization_token.EcrToken",
            "docker_image.BackImage",
            "docker_image.FrontImage",
            "docker_registry_image.BackEcrImage",
            "docker_registry_image.FrontEcrImage",
            "upstash_redis_database.RedisDatabase"
          ]
        }
      ]
    },
    {
      "mode": "managed",
      "type": "docker_image",
      "name": "BackImage",
      "provider": "provider[\"registry.terraform.io/kreuzwerker/docker\"]",
      "instances": [
        {
          "schema_version": 0,
          "attributes": {
            "build": [
              {
                "auth_config": [],
                "build_arg": null,
                "build_args": null,
                "build_id": "",
                "cache_from": [],
                "cgroup_parent": "",
                "context": "/home/user/github/cdktf-aws-nest-nuxt-lambdaliths/src/functions/back",
                "cpu_period": null,
                "cpu_quota": null,
                "cpu_set_cpus": "",
                "cpu_set_mems": "",
                "cpu_shares": null,
                "dockerfile": "Dockerfile",
                "extra_hosts": [],
                "force_remove": null,
                "isolation": "",
                "label": null,
                "labels": null,
                "memory": null,
                "memory_swap": null,
                "network_mode": "",
                "no_cache": null,
                "platform": "linux/arm64",
                "pull_parent": null,
                "remote_context": "",
                "remove": true,
                "security_opt": [],
                "session_id": "",
                "shm_size": null,
                "squash": null,
                "suppress_output": null,
                "tag": [],
                "target": "",
                "ulimit": [],
                "version": ""
              }
            ],
            "force_remove": null,
            "id": "sha256:0e530d35360ae6f7ed70c1130385fd485fb0f36c823b70662fd2e08657d8de59711348555690.dkr.ecr.eu-central-1.amazonaws.com/back-repo",
            "image_id": "sha256:0e530d35360ae6f7ed70c1130385fd485fb0f36c823b70662fd2e08657d8de59",
            "keep_locally": null,
            "name": "711348555690.dkr.ecr.eu-central-1.amazonaws.com/back-repo",
            "platform": null,
            "pull_triggers": null,
            "repo_digest": "",
            "triggers": {
              "filesha256": "ccdb6c87fa408562e4cd3e178f18b45f44aaa01141c4603b0e6ba6920a19bfa7"
            }
          },
          "sensitive_attributes": [],
          "private": "bnVsbA==",
          "dependencies": [
            "aws_ecr_repository.BackRepo",
            "data.aws_ecr_authorization_token.EcrToken"
          ]
        }
      ]
    },
    {
      "mode": "managed",
      "type": "docker_image",
      "name": "FrontImage",
      "provider": "provider[\"registry.terraform.io/kreuzwerker/docker\"]",
      "instances": [
        {
          "schema_version": 0,
          "attributes": {
            "build": [
              {
                "auth_config": [],
                "build_arg": null,
                "build_args": null,
                "build_id": "",
                "cache_from": [],
                "cgroup_parent": "",
                "context": "/home/user/github/cdktf-aws-nest-nuxt-lambdaliths/src/functions/front",
                "cpu_period": null,
                "cpu_quota": null,
                "cpu_set_cpus": "",
                "cpu_set_mems": "",
                "cpu_shares": null,
                "dockerfile": "Dockerfile",
                "extra_hosts": [],
                "force_remove": null,
                "isolation": "",
                "label": null,
                "labels": null,
                "memory": null,
                "memory_swap": null,
                "network_mode": "",
                "no_cache": null,
                "platform": "linux/arm64",
                "pull_parent": null,
                "remote_context": "",
                "remove": true,
                "security_opt": [],
                "session_id": "",
                "shm_size": null,
                "squash": null,
                "suppress_output": null,
                "tag": [],
                "target": "",
                "ulimit": [],
                "version": ""
              }
            ],
            "force_remove": null,
            "id": "sha256:a0f797adcbb4eb878d4415fa439298dc036545be1c6f020b8c4eb451465c15b9711348555690.dkr.ecr.eu-central-1.amazonaws.com/front-repo",
            "image_id": "sha256:a0f797adcbb4eb878d4415fa439298dc036545be1c6f020b8c4eb451465c15b9",
            "keep_locally": null,
            "name": "711348555690.dkr.ecr.eu-central-1.amazonaws.com/front-repo",
            "platform": null,
            "pull_triggers": null,
            "repo_digest": "",
            "triggers": {
              "filesha256": "30b1f6a9e1e5bcd8b1267cc200924c236999b1acd126b57e6e1b59f3ccf7939c"
            }
          },
          "sensitive_attributes": [],
          "private": "bnVsbA==",
          "dependencies": [
            "aws_ecr_repository.FrontRepo",
            "data.aws_ecr_authorization_token.EcrToken"
          ]
        }
      ]
    },
    {
      "mode": "managed",
      "type": "docker_registry_image",
      "name": "BackEcrImage",
      "provider": "provider[\"registry.terraform.io/kreuzwerker/docker\"]",
      "instances": [
        {
          "schema_version": 0,
          "attributes": {
            "id": "sha256:02d36ab33ef6a9fe4ac074a9e32c79599ca45e0e049b2a109f34c93a85ba61d5",
            "insecure_skip_verify": false,
            "keep_remotely": false,
            "name": "711348555690.dkr.ecr.eu-central-1.amazonaws.com/back-repo",
            "sha256_digest": "sha256:02d36ab33ef6a9fe4ac074a9e32c79599ca45e0e049b2a109f34c93a85ba61d5",
            "triggers": {
              "filesha256": "ccdb6c87fa408562e4cd3e178f18b45f44aaa01141c4603b0e6ba6920a19bfa7"
            }
          },
          "sensitive_attributes": [],
          "private": "bnVsbA==",
          "dependencies": [
            "aws_ecr_repository.BackRepo",
            "data.aws_ecr_authorization_token.EcrToken",
            "docker_image.BackImage"
          ]
        }
      ]
    },
    {
      "mode": "managed",
      "type": "docker_registry_image",
      "name": "FrontEcrImage",
      "provider": "provider[\"registry.terraform.io/kreuzwerker/docker\"]",
      "instances": [
        {
          "schema_version": 0,
          "attributes": {
            "id": "sha256:87787d36dac0f2bc970a78664edbae0d072fe3201a74e9e14f16c9b26398a035",
            "insecure_skip_verify": false,
            "keep_remotely": false,
            "name": "711348555690.dkr.ecr.eu-central-1.amazonaws.com/front-repo",
            "sha256_digest": "sha256:87787d36dac0f2bc970a78664edbae0d072fe3201a74e9e14f16c9b26398a035",
            "triggers": {
              "filesha256": "30b1f6a9e1e5bcd8b1267cc200924c236999b1acd126b57e6e1b59f3ccf7939c"
            }
          },
          "sensitive_attributes": [],
          "private": "bnVsbA==",
          "dependencies": [
            "aws_ecr_repository.FrontRepo",
            "data.aws_ecr_authorization_token.EcrToken",
            "docker_image.FrontImage"
          ]
        }
      ]
    },
    {
      "mode": "managed",
      "type": "upstash_redis_database",
      "name": "RedisDatabase",
      "provider": "provider[\"registry.terraform.io/upstash/upstash\"]",
      "instances": [
        {
          "schema_version": 0,
          "attributes": {
            "auto_scale": false,
            "consistent": false,
            "creation_time": 1710885959,
            "database_id": "ec4bf321-f350-4f8b-b188-cab3154503c7",
            "database_name": "redis-database",
            "database_type": "free",
            "db_daily_bandwidth_limit": 0,
            "db_disk_threshold": 268435456,
            "db_max_clients": 100,
            "db_max_commands_per_second": 1000,
            "db_max_entry_size": 104857600,
            "db_max_request_size": 1048576,
            "db_memory_threshold": 67108864,
            "endpoint": "eu2-climbing-viper-30246.upstash.io",
            "eviction": false,
            "id": "upstash-database-ec4bf321-f350-4f8b-b188-cab3154503c7",
            "multizone": false,
            "password": "fa66f8117679404faf183bfe2c61e868",
            "port": 30246,
            "primary_region": "",
            "read_only_rest_token": "AnYmACQgZWM0YmYzMjEtZjM1MC00ZjhiLWIxODgtY2FiMzE1NDUwM2M39MK0tWjQtq6z9kKfc0wf0X0DfXAqHle3Wa8_ejTYWZ0=",
            "read_regions": null,
            "region": "eu-central-1",
            "rest_token": "AXYmACQgZWM0YmYzMjEtZjM1MC00ZjhiLWIxODgtY2FiMzE1NDUwM2M3ZmE2NmY4MTE3Njc5NDA0ZmFmMTgzYmZlMmM2MWU4Njg=",
            "state": "active",
            "tls": false,
            "user_email": "sassanogary@gmail.com"
          },
          "sensitive_attributes": [],
          "private": "bnVsbA=="
        }
      ]
    }
  ],
  "check_results": null
}
